// !$*UTF8*$!
{
	archiveVersion = 1;
	classes = {
	};
	objectVersion = 56;
	objects = {

/* Begin PBXBuildFile section */
		6C3A4DC82AD2330300E792C7 /* CategoryView.swift in Sources */ = {isa = PBXBuildFile; fileRef = 6C3A4DC72AD2330300E792C7 /* CategoryView.swift */; };
		6C3A4DCA2AD35F6500E792C7 /* AddRecipeView.swift in Sources */ = {isa = PBXBuildFile; fileRef = 6C3A4DC92AD35F6500E792C7 /* AddRecipeView.swift */; };
		6C3A4DCC2AD37AE300E792C7 /* RecipesViewModel.swift in Sources */ = {isa = PBXBuildFile; fileRef = 6C3A4DCB2AD37AE300E792C7 /* RecipesViewModel.swift */; };
		6C3B021E2ADB1E41000FB619 /* ReadWriteFile.swift in Sources */ = {isa = PBXBuildFile; fileRef = 6C3B021D2ADB1E41000FB619 /* ReadWriteFile.swift */; };
		6C9742972AD1FA2700D77AA7 /* MomoRecipesApp.swift in Sources */ = {isa = PBXBuildFile; fileRef = 6C9742962AD1FA2700D77AA7 /* MomoRecipesApp.swift */; };
		6C9742992AD1FA2700D77AA7 /* ContentView.swift in Sources */ = {isa = PBXBuildFile; fileRef = 6C9742982AD1FA2700D77AA7 /* ContentView.swift */; };
		6C97429B2AD1FA2700D77AA7 /* Assets.xcassets in Resources */ = {isa = PBXBuildFile; fileRef = 6C97429A2AD1FA2700D77AA7 /* Assets.xcassets */; };
		6C97429E2AD1FA2700D77AA7 /* Preview Assets.xcassets in Resources */ = {isa = PBXBuildFile; fileRef = 6C97429D2AD1FA2700D77AA7 /* Preview Assets.xcassets */; };
		6C9742A92AD1FB3F00D77AA7 /* HomeView.swift in Sources */ = {isa = PBXBuildFile; fileRef = 6C9742A82AD1FB3F00D77AA7 /* HomeView.swift */; };
		6C9742B72AD1FD0300D77AA7 /* CategoriesView.swift in Sources */ = {isa = PBXBuildFile; fileRef = 6C9742B62AD1FD0300D77AA7 /* CategoriesView.swift */; };
		6C9742B92AD1FD2B00D77AA7 /* NewRecipeView.swift in Sources */ = {isa = PBXBuildFile; fileRef = 6C9742B82AD1FD2B00D77AA7 /* NewRecipeView.swift */; };
		6C9742BB2AD1FD4100D77AA7 /* FavoritesView.swift in Sources */ = {isa = PBXBuildFile; fileRef = 6C9742BA2AD1FD4100D77AA7 /* FavoritesView.swift */; };
		6C9742BD2AD1FD4A00D77AA7 /* SettingsView.swift in Sources */ = {isa = PBXBuildFile; fileRef = 6C9742BC2AD1FD4A00D77AA7 /* SettingsView.swift */; };
		6C9742BF2AD1FFC400D77AA7 /* TabBar.swift in Sources */ = {isa = PBXBuildFile; fileRef = 6C9742BE2AD1FFC400D77AA7 /* TabBar.swift */; };
		6C9742C12AD202D400D77AA7 /* RecipeModel.swift in Sources */ = {isa = PBXBuildFile; fileRef = 6C9742C02AD202D400D77AA7 /* RecipeModel.swift */; };
		6C9742C32AD2073500D77AA7 /* RecipeCard.swift in Sources */ = {isa = PBXBuildFile; fileRef = 6C9742C22AD2073500D77AA7 /* RecipeCard.swift */; };
		6C9742C52AD20FE300D77AA7 /* RecipeList.swift in Sources */ = {isa = PBXBuildFile; fileRef = 6C9742C42AD20FE300D77AA7 /* RecipeList.swift */; };
		6C9742C92AD21EEC00D77AA7 /* RecipeView.swift in Sources */ = {isa = PBXBuildFile; fileRef = 6C9742C82AD21EEC00D77AA7 /* RecipeView.swift */; };
/* End PBXBuildFile section */

/* Begin PBXFileReference section */
		6C3A4DC72AD2330300E792C7 /* CategoryView.swift */ = {isa = PBXFileReference; lastKnownFileType = sourcecode.swift; path = CategoryView.swift; sourceTree = "<group>"; };
		6C3A4DC92AD35F6500E792C7 /* AddRecipeView.swift */ = {isa = PBXFileReference; lastKnownFileType = sourcecode.swift; path = AddRecipeView.swift; sourceTree = "<group>"; };
		6C3A4DCB2AD37AE300E792C7 /* RecipesViewModel.swift */ = {isa = PBXFileReference; lastKnownFileType = sourcecode.swift; path = RecipesViewModel.swift; sourceTree = "<group>"; };
		6C3B021D2ADB1E41000FB619 /* ReadWriteFile.swift */ = {isa = PBXFileReference; lastKnownFileType = sourcecode.swift; path = ReadWriteFile.swift; sourceTree = "<group>"; };
		6C9742932AD1FA2700D77AA7 /* MomoRecipes.app */ = {isa = PBXFileReference; explicitFileType = wrapper.application; includeInIndex = 0; path = MomoRecipes.app; sourceTree = BUILT_PRODUCTS_DIR; };
		6C9742962AD1FA2700D77AA7 /* MomoRecipesApp.swift */ = {isa = PBXFileReference; lastKnownFileType = sourcecode.swift; path = MomoRecipesApp.swift; sourceTree = "<group>"; };
		6C9742982AD1FA2700D77AA7 /* ContentView.swift */ = {isa = PBXFileReference; lastKnownFileType = sourcecode.swift; path = ContentView.swift; sourceTree = "<group>"; };
		6C97429A2AD1FA2700D77AA7 /* Assets.xcassets */ = {isa = PBXFileReference; lastKnownFileType = folder.assetcatalog; path = Assets.xcassets; sourceTree = "<group>"; };
		6C97429D2AD1FA2700D77AA7 /* Preview Assets.xcassets */ = {isa = PBXFileReference; lastKnownFileType = folder.assetcatalog; path = "Preview Assets.xcassets"; sourceTree = "<group>"; };
		6C9742A82AD1FB3F00D77AA7 /* HomeView.swift */ = {isa = PBXFileReference; lastKnownFileType = sourcecode.swift; path = HomeView.swift; sourceTree = "<group>"; };
		6C9742B62AD1FD0300D77AA7 /* CategoriesView.swift */ = {isa = PBXFileReference; lastKnownFileType = sourcecode.swift; path = CategoriesView.swift; sourceTree = "<group>"; };
		6C9742B82AD1FD2B00D77AA7 /* NewRecipeView.swift */ = {isa = PBXFileReference; lastKnownFileType = sourcecode.swift; path = NewRecipeView.swift; sourceTree = "<group>"; };
		6C9742BA2AD1FD4100D77AA7 /* FavoritesView.swift */ = {isa = PBXFileReference; lastKnownFileType = sourcecode.swift; path = FavoritesView.swift; sourceTree = "<group>"; };
		6C9742BC2AD1FD4A00D77AA7 /* SettingsView.swift */ = {isa = PBXFileReference; lastKnownFileType = sourcecode.swift; path = SettingsView.swift; sourceTree = "<group>"; };
		6C9742BE2AD1FFC400D77AA7 /* TabBar.swift */ = {isa = PBXFileReference; lastKnownFileType = sourcecode.swift; path = TabBar.swift; sourceTree = "<group>"; };
		6C9742C02AD202D400D77AA7 /* RecipeModel.swift */ = {isa = PBXFileReference; lastKnownFileType = sourcecode.swift; path = RecipeModel.swift; sourceTree = "<group>"; };
		6C9742C22AD2073500D77AA7 /* RecipeCard.swift */ = {isa = PBXFileReference; lastKnownFileType = sourcecode.swift; path = RecipeCard.swift; sourceTree = "<group>"; };
		6C9742C42AD20FE300D77AA7 /* RecipeList.swift */ = {isa = PBXFileReference; lastKnownFileType = sourcecode.swift; path = RecipeList.swift; sourceTree = "<group>"; };
		6C9742C82AD21EEC00D77AA7 /* RecipeView.swift */ = {isa = PBXFileReference; lastKnownFileType = sourcecode.swift; path = RecipeView.swift; sourceTree = "<group>"; };
/* End PBXFileReference section */

/* Begin PBXFrameworksBuildPhase section */
		6C9742902AD1FA2700D77AA7 /* Frameworks */ = {
			isa = PBXFrameworksBuildPhase;
			buildActionMask = 2147483647;
			files = (
			);
			runOnlyForDeploymentPostprocessing = 0;
		};
/* End PBXFrameworksBuildPhase section */

/* Begin PBXGroup section */
		6C97428A2AD1FA2700D77AA7 = {
			isa = PBXGroup;
			children = (
				6C9742952AD1FA2700D77AA7 /* MomoRecipes */,
				6C9742942AD1FA2700D77AA7 /* Products */,
			);
			sourceTree = "<group>";
		};
		6C9742942AD1FA2700D77AA7 /* Products */ = {
			isa = PBXGroup;
			children = (
				6C9742932AD1FA2700D77AA7 /* MomoRecipes.app */,
			);
			name = Products;
			sourceTree = "<group>";
		};
		6C9742952AD1FA2700D77AA7 /* MomoRecipes */ = {
			isa = PBXGroup;
			children = (
				6C9742962AD1FA2700D77AA7 /* MomoRecipesApp.swift */,
				6C9742A42AD1FA4D00D77AA7 /* Views */,
				6C9742B32AD1FB8700D77AA7 /* ViewModels */,
				6C9742B52AD1FB9C00D77AA7 /* Models */,
				6C97429A2AD1FA2700D77AA7 /* Assets.xcassets */,
				6C97429C2AD1FA2700D77AA7 /* Preview Content */,
			);
			path = MomoRecipes;
			sourceTree = "<group>";
		};
		6C97429C2AD1FA2700D77AA7 /* Preview Content */ = {
			isa = PBXGroup;
			children = (
				6C97429D2AD1FA2700D77AA7 /* Preview Assets.xcassets */,
			);
			path = "Preview Content";
			sourceTree = "<group>";
		};
		6C9742A42AD1FA4D00D77AA7 /* Views */ = {
			isa = PBXGroup;
			children = (
				6C9742A52AD1FA6800D77AA7 /* Main */,
				6C9742A62AD1FA7A00D77AA7 /* Detail */,
				6C9742A72AD1FA8400D77AA7 /* Components */,
			);
			path = Views;
			sourceTree = "<group>";
		};
		6C9742A52AD1FA6800D77AA7 /* Main */ = {
			isa = PBXGroup;
			children = (
				6C9742982AD1FA2700D77AA7 /* ContentView.swift */,
				6C9742BE2AD1FFC400D77AA7 /* TabBar.swift */,
				6C9742A82AD1FB3F00D77AA7 /* HomeView.swift */,
				6C9742B62AD1FD0300D77AA7 /* CategoriesView.swift */,
				6C9742B82AD1FD2B00D77AA7 /* NewRecipeView.swift */,
				6C9742BA2AD1FD4100D77AA7 /* FavoritesView.swift */,
				6C9742BC2AD1FD4A00D77AA7 /* SettingsView.swift */,
				6C3B021D2ADB1E41000FB619 /* ReadWriteFile.swift */,
			);
			path = Main;
			sourceTree = "<group>";
		};
		6C9742A62AD1FA7A00D77AA7 /* Detail */ = {
			isa = PBXGroup;
			children = (
				6C9742C82AD21EEC00D77AA7 /* RecipeView.swift */,
				6C3A4DC72AD2330300E792C7 /* CategoryView.swift */,
				6C3A4DC92AD35F6500E792C7 /* AddRecipeView.swift */,
			);
			path = Detail;
			sourceTree = "<group>";
		};
		6C9742A72AD1FA8400D77AA7 /* Components */ = {
			isa = PBXGroup;
			children = (
				6C9742C22AD2073500D77AA7 /* RecipeCard.swift */,
				6C9742C42AD20FE300D77AA7 /* RecipeList.swift */,
			);
			path = Components;
			sourceTree = "<group>";
		};
		6C9742B32AD1FB8700D77AA7 /* ViewModels */ = {
			isa = PBXGroup;
			children = (
				6C3A4DCB2AD37AE300E792C7 /* RecipesViewModel.swift */,
			);
			path = ViewModels;
			sourceTree = "<group>";
		};
		6C9742B52AD1FB9C00D77AA7 /* Models */ = {
			isa = PBXGroup;
			children = (
				6C9742C02AD202D400D77AA7 /* RecipeModel.swift */,
			);
			path = Models;
			sourceTree = "<group>";
		};
/* End PBXGroup section */

/* Begin PBXNativeTarget section */
		6C9742922AD1FA2700D77AA7 /* MomoRecipes */ = {
			isa = PBXNativeTarget;
			buildConfigurationList = 6C9742A12AD1FA2700D77AA7 /* Build configuration list for PBXNativeTarget "MomoRecipes" */;
			buildPhases = (
				6C97428F2AD1FA2700D77AA7 /* Sources */,
				6C9742902AD1FA2700D77AA7 /* Frameworks */,
				6C9742912AD1FA2700D77AA7 /* Resources */,
			);
			buildRules = (
			);
			dependencies = (
			);
			name = MomoRecipes;
			productName = MomoRecipes;
			productReference = 6C9742932AD1FA2700D77AA7 /* MomoRecipes.app */;
			productType = "com.apple.product-type.application";
		};
/* End PBXNativeTarget section */

/* Begin PBXProject section */
		6C97428B2AD1FA2700D77AA7 /* Project object */ = {
			isa = PBXProject;
			attributes = {
				BuildIndependentTargetsInParallel = 1;
				LastSwiftUpdateCheck = 1420;
				LastUpgradeCheck = 1420;
				TargetAttributes = {
					6C9742922AD1FA2700D77AA7 = {
						CreatedOnToolsVersion = 14.2;
					};
				};
			};
			buildConfigurationList = 6C97428E2AD1FA2700D77AA7 /* Build configuration list for PBXProject "MomoRecipes" */;
			compatibilityVersion = "Xcode 14.0";
			developmentRegion = en;
			hasScannedForEncodings = 0;
			knownRegions = (
				en,
				Base,
			);
			mainGroup = 6C97428A2AD1FA2700D77AA7;
			productRefGroup = 6C9742942AD1FA2700D77AA7 /* Products */;
			projectDirPath = "";
			projectRoot = "";
			targets = (
				6C9742922AD1FA2700D77AA7 /* MomoRecipes */,
			);
		};
/* End PBXProject section */

/* Begin PBXResourcesBuildPhase section */
		6C9742912AD1FA2700D77AA7 /* Resources */ = {
			isa = PBXResourcesBuildPhase;
			buildActionMask = 2147483647;
			files = (
				6C97429E2AD1FA2700D77AA7 /* Preview Assets.xcassets in Resources */,
				6C97429B2AD1FA2700D77AA7 /* Assets.xcassets in Resources */,
			);
			runOnlyForDeploymentPostprocessing = 0;
		};
/* End PBXResourcesBuildPhase section */

/* Begin PBXSourcesBuildPhase section */
		6C97428F2AD1FA2700D77AA7 /* Sources */ = {
			isa = PBXSourcesBuildPhase;
			buildActionMask = 2147483647;
			files = (
				6C3A4DCA2AD35F6500E792C7 /* AddRecipeView.swift in Sources */,
				6C9742BD2AD1FD4A00D77AA7 /* SettingsView.swift in Sources */,
				6C9742C32AD2073500D77AA7 /* RecipeCard.swift in Sources */,
				6C9742B72AD1FD0300D77AA7 /* CategoriesView.swift in Sources */,
				6C9742A92AD1FB3F00D77AA7 /* HomeView.swift in Sources */,
				6C9742BF2AD1FFC400D77AA7 /* TabBar.swift in Sources */,
				6C3A4DC82AD2330300E792C7 /* CategoryView.swift in Sources */,
				6C9742B92AD1FD2B00D77AA7 /* NewRecipeView.swift in Sources */,
				6C9742C92AD21EEC00D77AA7 /* RecipeView.swift in Sources */,
				6C9742C52AD20FE300D77AA7 /* RecipeList.swift in Sources */,
				6C9742BB2AD1FD4100D77AA7 /* FavoritesView.swift in Sources */,
				6C9742992AD1FA2700D77AA7 /* ContentView.swift in Sources */,
				6C3A4DCC2AD37AE300E792C7 /* RecipesViewModel.swift in Sources */,
				6C9742972AD1FA2700D77AA7 /* MomoRecipesApp.swift in Sources */,
				6C3B021E2ADB1E41000FB619 /* ReadWriteFile.swift in Sources */,
				6C9742C12AD202D400D77AA7 /* RecipeModel.swift in Sources */,
			);
			runOnlyForDeploymentPostprocessing = 0;
		};
/* End PBXSourcesBuildPhase section */

/* Begin XCBuildConfiguration section */
		6C97429F2AD1FA2700D77AA7 /* Debug */ = {
			isa = XCBuildConfiguration;
			buildSettings = {
				ALWAYS_SEARCH_USER_PATHS = NO;
				CLANG_ANALYZER_NONNULL = YES;
				CLANG_ANALYZER_NUMBER_OBJECT_CONVERSION = YES_AGGRESSIVE;
				CLANG_CXX_LANGUAGE_STANDARD = "gnu++20";
				CLANG_ENABLE_MODULES = YES;
				CLANG_ENABLE_OBJC_ARC = YES;
				CLANG_ENABLE_OBJC_WEAK = YES;
				CLANG_WARN_BLOCK_CAPTURE_AUTORELEASING = YES;
				CLANG_WARN_BOOL_CONVERSION = YES;
				CLANG_WARN_COMMA = YES;
				CLANG_WARN_CONSTANT_CONVERSION = YES;
				CLANG_WARN_DEPRECATED_OBJC_IMPLEMENTATIONS = YES;
				CLANG_WARN_DIRECT_OBJC_ISA_USAGE = YES_ERROR;
				CLANG_WARN_DOCUMENTATION_COMMENTS = YES;
				CLANG_WARN_EMPTY_BODY = YES;
				CLANG_WARN_ENUM_CONVERSION = YES;
				CLANG_WARN_INFINITE_RECURSION = YES;
				CLANG_WARN_INT_CONVERSION = YES;
				CLANG_WARN_NON_LITERAL_NULL_CONVERSION = YES;
				CLANG_WARN_OBJC_IMPLICIT_RETAIN_SELF = YES;
				CLANG_WARN_OBJC_LITERAL_CONVERSION = YES;
				CLANG_WARN_OBJC_ROOT_CLASS = YES_ERROR;
				CLANG_WARN_QUOTED_INCLUDE_IN_FRAMEWORK_HEADER = YES;
				CLANG_WARN_RANGE_LOOP_ANALYSIS = YES;
				CLANG_WARN_STRICT_PROTOTYPES = YES;
				CLANG_WARN_SUSPICIOUS_MOVE = YES;
				CLANG_WARN_UNGUARDED_AVAILABILITY = YES_AGGRESSIVE;
				CLANG_WARN_UNREACHABLE_CODE = YES;
				CLANG_WARN__DUPLICATE_METHOD_MATCH = YES;
				COPY_PHASE_STRIP = NO;
				DEBUG_INFORMATION_FORMAT = dwarf;
				ENABLE_STRICT_OBJC_MSGSEND = YES;
				ENABLE_TESTABILITY = YES;
				GCC_C_LANGUAGE_STANDARD = gnu11;
				GCC_DYNAMIC_NO_PIC = NO;
				GCC_NO_COMMON_BLOCKS = YES;
				GCC_OPTIMIZATION_LEVEL = 0;
				GCC_PREPROCESSOR_DEFINITIONS = (
					"DEBUG=1",
					"$(inherited)",
				);
				GCC_WARN_64_TO_32_BIT_CONVERSION = YES;
				GCC_WARN_ABOUT_RETURN_TYPE = YES_ERROR;
				GCC_WARN_UNDECLARED_SELECTOR = YES;
				GCC_WARN_UNINITIALIZED_AUTOS = YES_AGGRESSIVE;
				GCC_WARN_UNUSED_FUNCTION = YES;
				GCC_WARN_UNUSED_VARIABLE = YES;
				IPHONEOS_DEPLOYMENT_TARGET = 16.2;
				MTL_ENABLE_DEBUG_INFO = INCLUDE_SOURCE;
				MTL_FAST_MATH = YES;
				ONLY_ACTIVE_ARCH = YES;
				SDKROOT = iphoneos;
				SWIFT_ACTIVE_COMPILATION_CONDITIONS = DEBUG;
				SWIFT_OPTIMIZATION_LEVEL = "-Onone";
			};
			name = Debug;
		};
		6C9742A02AD1FA2700D77AA7 /* Release */ = {
			isa = XCBuildConfiguration;
			buildSettings = {
				ALWAYS_SEARCH_USER_PATHS = NO;
				CLANG_ANALYZER_NONNULL = YES;
				CLANG_ANALYZER_NUMBER_OBJECT_CONVERSION = YES_AGGRESSIVE;
				CLANG_CXX_LANGUAGE_STANDARD = "gnu++20";
				CLANG_ENABLE_MODULES = YES;
				CLANG_ENABLE_OBJC_ARC = YES;
				CLANG_ENABLE_OBJC_WEAK = YES;
				CLANG_WARN_BLOCK_CAPTURE_AUTORELEASING = YES;
				CLANG_WARN_BOOL_CONVERSION = YES;
				CLANG_WARN_COMMA = YES;
				CLANG_WARN_CONSTANT_CONVERSION = YES;
				CLANG_WARN_DEPRECATED_OBJC_IMPLEMENTATIONS = YES;
				CLANG_WARN_DIRECT_OBJC_ISA_USAGE = YES_ERROR;
				CLANG_WARN_DOCUMENTATION_COMMENTS = YES;
				CLANG_WARN_EMPTY_BODY = YES;
				CLANG_WARN_ENUM_CONVERSION = YES;
				CLANG_WARN_INFINITE_RECURSION = YES;
				CLANG_WARN_INT_CONVERSION = YES;
				CLANG_WARN_NON_LITERAL_NULL_CONVERSION = YES;
				CLANG_WARN_OBJC_IMPLICIT_RETAIN_SELF = YES;
				CLANG_WARN_OBJC_LITERAL_CONVERSION = YES;
				CLANG_WARN_OBJC_ROOT_CLASS = YES_ERROR;
				CLANG_WARN_QUOTED_INCLUDE_IN_FRAMEWORK_HEADER = YES;
				CLANG_WARN_RANGE_LOOP_ANALYSIS = YES;
				CLANG_WARN_STRICT_PROTOTYPES = YES;
				CLANG_WARN_SUSPICIOUS_MOVE = YES;
				CLANG_WARN_UNGUARDED_AVAILABILITY = YES_AGGRESSIVE;
				CLANG_WARN_UNREACHABLE_CODE = YES;
				CLANG_WARN__DUPLICATE_METHOD_MATCH = YES;
				COPY_PHASE_STRIP = NO;
				DEBUG_INFORMATION_FORMAT = "dwarf-with-dsym";
				ENABLE_NS_ASSERTIONS = NO;
				ENABLE_STRICT_OBJC_MSGSEND = YES;
				GCC_C_LANGUAGE_STANDARD = gnu11;
				GCC_NO_COMMON_BLOCKS = YES;
				GCC_WARN_64_TO_32_BIT_CONVERSION = YES;
				GCC_WARN_ABOUT_RETURN_TYPE = YES_ERROR;
				GCC_WARN_UNDECLARED_SELECTOR = YES;
				GCC_WARN_UNINITIALIZED_AUTOS = YES_AGGRESSIVE;
				GCC_WARN_UNUSED_FUNCTION = YES;
				GCC_WARN_UNUSED_VARIABLE = YES;
				IPHONEOS_DEPLOYMENT_TARGET = 16.2;
				MTL_ENABLE_DEBUG_INFO = NO;
				MTL_FAST_MATH = YES;
				SDKROOT = iphoneos;
				SWIFT_COMPILATION_MODE = wholemodule;
				SWIFT_OPTIMIZATION_LEVEL = "-O";
				VALIDATE_PRODUCT = YES;
			};
			name = Release;
		};
		6C9742A22AD1FA2700D77AA7 /* Debug */ = {
			isa = XCBuildConfiguration;
			buildSettings = {
				ASSETCATALOG_COMPILER_APPICON_NAME = AppIcon;
				ASSETCATALOG_COMPILER_GLOBAL_ACCENT_COLOR_NAME = AccentColor;
				CODE_SIGN_STYLE = Automatic;
				CURRENT_PROJECT_VERSION = 1;
				DEVELOPMENT_ASSET_PATHS = "\"MomoRecipes/Preview Content\"";
				DEVELOPMENT_TEAM = 7F9RAJMXQM;
				ENABLE_PREVIEWS = YES;
				GENERATE_INFOPLIST_FILE = YES;
				INFOPLIST_KEY_UIApplicationSceneManifest_Generation = YES;
				INFOPLIST_KEY_UIApplicationSupportsIndirectInputEvents = YES;
				INFOPLIST_KEY_UILaunchScreen_Generation = YES;
				INFOPLIST_KEY_UISupportedInterfaceOrientations_iPad = "UIInterfaceOrientationPortrait UIInterfaceOrientationPortraitUpsideDown UIInterfaceOrientationLandscapeLeft UIInterfaceOrientationLandscapeRight";
				INFOPLIST_KEY_UISupportedInterfaceOrientations_iPhone = "UIInterfaceOrientationPortrait UIInterfaceOrientationLandscapeLeft UIInterfaceOrientationLandscapeRight";
				LD_RUNPATH_SEARCH_PATHS = (
					"$(inherited)",
					"@executable_path/Frameworks",
				);
				MARKETING_VERSION = 1.0;
				PRODUCT_BUNDLE_IDENTIFIER = Mahonri.Ray.CSE310.MomoRecipes;
				PRODUCT_NAME = "$(TARGET_NAME)";
				SWIFT_EMIT_LOC_STRINGS = YES;
				SWIFT_VERSION = 5.0;
				TARGETED_DEVICE_FAMILY = "1,2";
			};
			name = Debug;
		};
		6C9742A32AD1FA2700D77AA7 /* Release */ = {
			isa = XCBuildConfiguration;
			buildSettings = {
				ASSETCATALOG_COMPILER_APPICON_NAME = AppIcon;
				ASSETCATALOG_COMPILER_GLOBAL_ACCENT_COLOR_NAME = AccentColor;
				CODE_SIGN_STYLE = Automatic;
				CURRENT_PROJECT_VERSION = 1;
				DEVELOPMENT_ASSET_PATHS = "\"MomoRecipes/Preview Content\"";
				DEVELOPMENT_TEAM = 7F9RAJMXQM;
				ENABLE_PREVIEWS = YES;
				GENERATE_INFOPLIST_FILE = YES;
				INFOPLIST_KEY_UIApplicationSceneManifest_Generation = YES;
				INFOPLIST_KEY_UIApplicationSupportsIndirectInputEvents = YES;
				INFOPLIST_KEY_UILaunchScreen_Generation = YES;
				INFOPLIST_KEY_UISupportedInterfaceOrientations_iPad = "UIInterfaceOrientationPortrait UIInterfaceOrientationPortraitUpsideDown UIInterfaceOrientationLandscapeLeft UIInterfaceOrientationLandscapeRight";
				INFOPLIST_KEY_UISupportedInterfaceOrientations_iPhone = "UIInterfaceOrientationPortrait UIInterfaceOrientationLandscapeLeft UIInterfaceOrientationLandscapeRight";
				LD_RUNPATH_SEARCH_PATHS = (
					"$(inherited)",
					"@executable_path/Frameworks",
				);
				MARKETING_VERSION = 1.0;
				PRODUCT_BUNDLE_IDENTIFIER = Mahonri.Ray.CSE310.MomoRecipes;
				PRODUCT_NAME = "$(TARGET_NAME)";
				SWIFT_EMIT_LOC_STRINGS = YES;
				SWIFT_VERSION = 5.0;
				TARGETED_DEVICE_FAMILY = "1,2";
			};
			name = Release;
		};
/* End XCBuildConfiguration section */

/* Begin XCConfigurationList section */
		6C97428E2AD1FA2700D77AA7 /* Build configuration list for PBXProject "MomoRecipes" */ = {
			isa = XCConfigurationList;
			buildConfigurations = (
				6C97429F2AD1FA2700D77AA7 /* Debug */,
				6C9742A02AD1FA2700D77AA7 /* Release */,
			);
			defaultConfigurationIsVisible = 0;
			defaultConfigurationName = Release;
		};
		6C9742A12AD1FA2700D77AA7 /* Build configuration list for PBXNativeTarget "MomoRecipes" */ = {
			isa = XCConfigurationList;
			buildConfigurations = (
				6C9742A22AD1FA2700D77AA7 /* Debug */,
				6C9742A32AD1FA2700D77AA7 /* Release */,
			);
			defaultConfigurationIsVisible = 0;
			defaultConfigurationName = Release;
		};
/* End XCConfigurationList section */
	};
	rootObject = 6C97428B2AD1FA2700D77AA7 /* Project object */;
}
